
Microsoft Visual Studio Solution File, Format Version 12.00
# Visual Studio Version 17
VisualStudioVersion = 17.10.34607.79
MinimumVisualStudioVersion = 10.0.40219.1
Project("{FAE04EC0-301F-11D3-BF4B-00C04F79EFBC}") = "WebApplication1", "WebApplication1\WebApplication1.csproj", "{777AA061-42B0-4FFA-8AB0-6BF7853732FA}"
EndProject
Global
	GlobalSection(SolutionConfigurationPlatforms) = preSolution
		Debug|Any CPU = Debug|Any CPU
		Release|Any CPU = Release|Any CPU
	EndGlobalSection
	GlobalSection(ProjectConfigurationPlatforms) = postSolution
		{777AA061-42B0-4FFA-8AB0-6BF7853732FA}.Debug|Any CPU.ActiveCfg = Debug|Any CPU
		{777AA061-42B0-4FFA-8AB0-6BF7853732FA}.Debug|Any CPU.Build.0 = Debug|Any CPU
		{777AA061-42B0-4FFA-8AB0-6BF7853732FA}.Release|Any CPU.ActiveCfg = Release|Any CPU
		{777AA061-42B0-4FFA-8AB0-6BF7853732FA}.Release|Any CPU.Build.0 = Release|Any CPU
	EndGlobalSection
	GlobalSection(SolutionProperties) = preSolution
		HideSolutionNode = FALSE
	EndGlobalSection
	GlobalSection(ExtensibilityGlobals) = postSolution
		SolutionGuid = {9CBBB3C2-6BF9-4E2F-9A10-02EA2B22A2F1}
	EndGlobalSection
EndGlobal
